
Microsoft Visual Studio Solution File, Format Version 12.00
# Visual Studio Version 16
VisualStudioVersion = 16.0.30128.74
MinimumVisualStudioVersion = 10.0.40219.1
Project("{9A19103F-16F7-4668-BE54-9A1E7A4F7556}") = "Uplift", "Uplift\Uplift.csproj", "{DB717F51-8787-443C-892E-ADEA4CD05189}"
EndProject
Project("{FAE04EC0-301F-11D3-BF4B-00C04F79EFBC}") = "Uplift.DataAccess", "Uplift.DataAccess\Uplift.DataAccess.csproj", "{6879ADE9-8C6A-4B39-A128-6464EE3A6C5B}"
EndProject
Project("{FAE04EC0-301F-11D3-BF4B-00C04F79EFBC}") = "Uplift.Models", "Uplift.Models\Uplift.Models.csproj", "{1B798806-E649-44B3-8365-659F8F2ECC74}"
EndProject
Project("{FAE04EC0-301F-11D3-BF4B-00C04F79EFBC}") = "Uplift.Utility", "Uplift.Utility\Uplift.Utility.csproj", "{F4599674-D936-4AE5-A9A1-71268C9D4109}"
EndProject
Global
	GlobalSection(SolutionConfigurationPlatforms) = preSolution
		Debug|Any CPU = Debug|Any CPU
		Release|Any CPU = Release|Any CPU
	EndGlobalSection
	GlobalSection(ProjectConfigurationPlatforms) = postSolution
		{DB717F51-8787-443C-892E-ADEA4CD05189}.Debug|Any CPU.ActiveCfg = Debug|Any CPU
		{DB717F51-8787-443C-892E-ADEA4CD05189}.Debug|Any CPU.Build.0 = Debug|Any CPU
		{DB717F51-8787-443C-892E-ADEA4CD05189}.Release|Any CPU.ActiveCfg = Release|Any CPU
		{DB717F51-8787-443C-892E-ADEA4CD05189}.Release|Any CPU.Build.0 = Release|Any CPU
		{6879ADE9-8C6A-4B39-A128-6464EE3A6C5B}.Debug|Any CPU.ActiveCfg = Debug|Any CPU
		{6879ADE9-8C6A-4B39-A128-6464EE3A6C5B}.Debug|Any CPU.Build.0 = Debug|Any CPU
		{6879ADE9-8C6A-4B39-A128-6464EE3A6C5B}.Release|Any CPU.ActiveCfg = Release|Any CPU
		{6879ADE9-8C6A-4B39-A128-6464EE3A6C5B}.Release|Any CPU.Build.0 = Release|Any CPU
		{1B798806-E649-44B3-8365-659F8F2ECC74}.Debug|Any CPU.ActiveCfg = Debug|Any CPU
		{1B798806-E649-44B3-8365-659F8F2ECC74}.Debug|Any CPU.Build.0 = Debug|Any CPU
		{1B798806-E649-44B3-8365-659F8F2ECC74}.Release|Any CPU.ActiveCfg = Release|Any CPU
		{1B798806-E649-44B3-8365-659F8F2ECC74}.Release|Any CPU.Build.0 = Release|Any CPU
		{F4599674-D936-4AE5-A9A1-71268C9D4109}.Debug|Any CPU.ActiveCfg = Debug|Any CPU
		{F4599674-D936-4AE5-A9A1-71268C9D4109}.Debug|Any CPU.Build.0 = Debug|Any CPU
		{F4599674-D936-4AE5-A9A1-71268C9D4109}.Release|Any CPU.ActiveCfg = Release|Any CPU
		{F4599674-D936-4AE5-A9A1-71268C9D4109}.Release|Any CPU.Build.0 = Release|Any CPU
	EndGlobalSection
	GlobalSection(SolutionProperties) = preSolution
		HideSolutionNode = FALSE
	EndGlobalSection
	GlobalSection(ExtensibilityGlobals) = postSolution
		SolutionGuid = {6FD27B52-3682-4740-A4EF-23D7F0E18290}
	EndGlobalSection
EndGlobal
